// !$*UTF8*$!
{
	archiveVersion = 1;
	classes = {
	};
	objectVersion = 51;
	objects = {

/* Begin PBXBuildFile section */
		8BC801356D40CD834E7078AF /* Pods_NYSEStock.framework in Frameworks */ = {isa = PBXBuildFile; fileRef = 687E8EBF3EE731D48C9AD8D0 /* Pods_NYSEStock.framework */; };
		C32B3500272C007300BB954B /* AppDelegate.swift in Sources */ = {isa = PBXBuildFile; fileRef = C32B34FF272C007300BB954B /* AppDelegate.swift */; };
		C32B3502272C007300BB954B /* SceneDelegate.swift in Sources */ = {isa = PBXBuildFile; fileRef = C32B3501272C007300BB954B /* SceneDelegate.swift */; };
		C32B3507272C007300BB954B /* Main.storyboard in Resources */ = {isa = PBXBuildFile; fileRef = C32B3505272C007300BB954B /* Main.storyboard */; };
		C32B3509272C008300BB954B /* Assets.xcassets in Resources */ = {isa = PBXBuildFile; fileRef = C32B3508272C008300BB954B /* Assets.xcassets */; };
		C32B350C272C008300BB954B /* LaunchScreen.storyboard in Resources */ = {isa = PBXBuildFile; fileRef = C32B350A272C008300BB954B /* LaunchScreen.storyboard */; };
		C32B3514272C041B00BB954B /* StocksTableViewController.swift in Sources */ = {isa = PBXBuildFile; fileRef = C32B3513272C041B00BB954B /* StocksTableViewController.swift */; };
		C32B3516272C0C5600BB954B /* CompanyInfo.swift in Sources */ = {isa = PBXBuildFile; fileRef = C32B3515272C0C5600BB954B /* CompanyInfo.swift */; };
		C3E7B458272CA9A10055940B /* StockTableViewCode.swift in Sources */ = {isa = PBXBuildFile; fileRef = C3E7B457272CA9A10055940B /* StockTableViewCode.swift */; };
		C3E7B45A272CAA8B0055940B /* StockNetworkingCode.swift in Sources */ = {isa = PBXBuildFile; fileRef = C3E7B459272CAA8B0055940B /* StockNetworkingCode.swift */; };
		C3E7B45D272CACE60055940B /* StockTableViewCell.swift in Sources */ = {isa = PBXBuildFile; fileRef = C3E7B45B272CACE60055940B /* StockTableViewCell.swift */; };
		C3E7B45E272CACE60055940B /* StockTableViewCell.xib in Resources */ = {isa = PBXBuildFile; fileRef = C3E7B45C272CACE60055940B /* StockTableViewCell.xib */; };
		C3E7B460272CBBF10055940B /* DetailsViewController.swift in Sources */ = {isa = PBXBuildFile; fileRef = C3E7B45F272CBBF10055940B /* DetailsViewController.swift */; };
/* End PBXBuildFile section */

/* Begin PBXFileReference section */
		687E8EBF3EE731D48C9AD8D0 /* Pods_NYSEStock.framework */ = {isa = PBXFileReference; explicitFileType = wrapper.framework; includeInIndex = 0; path = Pods_NYSEStock.framework; sourceTree = BUILT_PRODUCTS_DIR; };
		90081969EEA6B2FB2423D812 /* Pods-NYSEStock.release.xcconfig */ = {isa = PBXFileReference; includeInIndex = 1; lastKnownFileType = text.xcconfig; name = "Pods-NYSEStock.release.xcconfig"; path = "Target Support Files/Pods-NYSEStock/Pods-NYSEStock.release.xcconfig"; sourceTree = "<group>"; };
		C32B34FC272C007300BB954B /* NYSEStock.app */ = {isa = PBXFileReference; explicitFileType = wrapper.application; includeInIndex = 0; path = NYSEStock.app; sourceTree = BUILT_PRODUCTS_DIR; };
		C32B34FF272C007300BB954B /* AppDelegate.swift */ = {isa = PBXFileReference; lastKnownFileType = sourcecode.swift; path = AppDelegate.swift; sourceTree = "<group>"; };
		C32B3501272C007300BB954B /* SceneDelegate.swift */ = {isa = PBXFileReference; lastKnownFileType = sourcecode.swift; path = SceneDelegate.swift; sourceTree = "<group>"; };
		C32B3506272C007300BB954B /* Base */ = {isa = PBXFileReference; lastKnownFileType = file.storyboard; name = Base; path = Base.lproj/Main.storyboard; sourceTree = "<group>"; };
		C32B3508272C008300BB954B /* Assets.xcassets */ = {isa = PBXFileReference; lastKnownFileType = folder.assetcatalog; path = Assets.xcassets; sourceTree = "<group>"; };
		C32B350B272C008300BB954B /* Base */ = {isa = PBXFileReference; lastKnownFileType = file.storyboard; name = Base; path = Base.lproj/LaunchScreen.storyboard; sourceTree = "<group>"; };
		C32B350D272C008300BB954B /* Info.plist */ = {isa = PBXFileReference; lastKnownFileType = text.plist.xml; path = Info.plist; sourceTree = "<group>"; };
		C32B3513272C041B00BB954B /* StocksTableViewController.swift */ = {isa = PBXFileReference; lastKnownFileType = sourcecode.swift; path = StocksTableViewController.swift; sourceTree = "<group>"; };
		C32B3515272C0C5600BB954B /* CompanyInfo.swift */ = {isa = PBXFileReference; lastKnownFileType = sourcecode.swift; path = CompanyInfo.swift; sourceTree = "<group>"; };
		C3E7B457272CA9A10055940B /* StockTableViewCode.swift */ = {isa = PBXFileReference; lastKnownFileType = sourcecode.swift; path = StockTableViewCode.swift; sourceTree = "<group>"; };
		C3E7B459272CAA8B0055940B /* StockNetworkingCode.swift */ = {isa = PBXFileReference; lastKnownFileType = sourcecode.swift; path = StockNetworkingCode.swift; sourceTree = "<group>"; };
		C3E7B45B272CACE60055940B /* StockTableViewCell.swift */ = {isa = PBXFileReference; lastKnownFileType = sourcecode.swift; path = StockTableViewCell.swift; sourceTree = "<group>"; };
		C3E7B45C272CACE60055940B /* StockTableViewCell.xib */ = {isa = PBXFileReference; lastKnownFileType = file.xib; path = StockTableViewCell.xib; sourceTree = "<group>"; };
		C3E7B45F272CBBF10055940B /* DetailsViewController.swift */ = {isa = PBXFileReference; lastKnownFileType = sourcecode.swift; path = DetailsViewController.swift; sourceTree = "<group>"; };
		E9F64F50CCBA2413FCB20962 /* Pods-NYSEStock.debug.xcconfig */ = {isa = PBXFileReference; includeInIndex = 1; lastKnownFileType = text.xcconfig; name = "Pods-NYSEStock.debug.xcconfig"; path = "Target Support Files/Pods-NYSEStock/Pods-NYSEStock.debug.xcconfig"; sourceTree = "<group>"; };
/* End PBXFileReference section */

/* Begin PBXFrameworksBuildPhase section */
		C32B34F9272C007300BB954B /* Frameworks */ = {
			isa = PBXFrameworksBuildPhase;
			buildActionMask = 2147483647;
			files = (
				8BC801356D40CD834E7078AF /* Pods_NYSEStock.framework in Frameworks */,
			);
			runOnlyForDeploymentPostprocessing = 0;
		};
/* End PBXFrameworksBuildPhase section */

/* Begin PBXGroup section */
		322A7234F8B9DDE165B0FFAE /* Frameworks */ = {
			isa = PBXGroup;
			children = (
				687E8EBF3EE731D48C9AD8D0 /* Pods_NYSEStock.framework */,
			);
			name = Frameworks;
			sourceTree = "<group>";
		};
		C1DC8F1E81693E33DB85A68B /* Pods */ = {
			isa = PBXGroup;
			children = (
				E9F64F50CCBA2413FCB20962 /* Pods-NYSEStock.debug.xcconfig */,
				90081969EEA6B2FB2423D812 /* Pods-NYSEStock.release.xcconfig */,
			);
			path = Pods;
			sourceTree = "<group>";
		};
		C32B34F3272C007300BB954B = {
			isa = PBXGroup;
			children = (
				C32B34FE272C007300BB954B /* NYSEStock */,
				C32B34FD272C007300BB954B /* Products */,
				C1DC8F1E81693E33DB85A68B /* Pods */,
				322A7234F8B9DDE165B0FFAE /* Frameworks */,
			);
			sourceTree = "<group>";
		};
		C32B34FD272C007300BB954B /* Products */ = {
			isa = PBXGroup;
			children = (
				C32B34FC272C007300BB954B /* NYSEStock.app */,
			);
			name = Products;
			sourceTree = "<group>";
		};
		C32B34FE272C007300BB954B /* NYSEStock */ = {
			isa = PBXGroup;
			children = (
				C3E7B456272CA92B0055940B /* View */,
				C3E7B455272CA9190055940B /* Controller */,
				C3E7B453272CA8D30055940B /* Model */,
				C32B34FF272C007300BB954B /* AppDelegate.swift */,
				C32B3501272C007300BB954B /* SceneDelegate.swift */,
				C32B350D272C008300BB954B /* Info.plist */,
			);
			path = NYSEStock;
			sourceTree = "<group>";
		};
		C3E7B453272CA8D30055940B /* Model */ = {
			isa = PBXGroup;
			children = (
				C32B3515272C0C5600BB954B /* CompanyInfo.swift */,
			);
			path = Model;
			sourceTree = "<group>";
		};
		C3E7B455272CA9190055940B /* Controller */ = {
			isa = PBXGroup;
			children = (
				C32B3513272C041B00BB954B /* StocksTableViewController.swift */,
				C3E7B457272CA9A10055940B /* StockTableViewCode.swift */,
				C3E7B459272CAA8B0055940B /* StockNetworkingCode.swift */,
				C3E7B45B272CACE60055940B /* StockTableViewCell.swift */,
				C3E7B45C272CACE60055940B /* StockTableViewCell.xib */,
				C3E7B45F272CBBF10055940B /* DetailsViewController.swift */,
			);
			path = Controller;
			sourceTree = "<group>";
		};
		C3E7B456272CA92B0055940B /* View */ = {
			isa = PBXGroup;
			children = (
				C32B3508272C008300BB954B /* Assets.xcassets */,
				C32B350A272C008300BB954B /* LaunchScreen.storyboard */,
				C32B3505272C007300BB954B /* Main.storyboard */,
			);
			path = View;
			sourceTree = "<group>";
		};
/* End PBXGroup section */

/* Begin PBXNativeTarget section */
		C32B34FB272C007300BB954B /* NYSEStock */ = {
			isa = PBXNativeTarget;
			buildConfigurationList = C32B3510272C008300BB954B /* Build configuration list for PBXNativeTarget "NYSEStock" */;
			buildPhases = (
				01ADD6565229957FD477095B /* [CP] Check Pods Manifest.lock */,
				C32B34F8272C007300BB954B /* Sources */,
				C32B34F9272C007300BB954B /* Frameworks */,
				C32B34FA272C007300BB954B /* Resources */,
				E63E19B18B236A70865DC8F3 /* [CP] Embed Pods Frameworks */,
			);
			buildRules = (
			);
			dependencies = (
			);
			name = NYSEStock;
			productName = NYSEStock;
			productReference = C32B34FC272C007300BB954B /* NYSEStock.app */;
			productType = "com.apple.product-type.application";
		};
/* End PBXNativeTarget section */

/* Begin PBXProject section */
		C32B34F4272C007300BB954B /* Project object */ = {
			isa = PBXProject;
			attributes = {
				LastSwiftUpdateCheck = 1250;
				LastUpgradeCheck = 1250;
				TargetAttributes = {
					C32B34FB272C007300BB954B = {
						CreatedOnToolsVersion = 12.5.1;
					};
				};
			};
			buildConfigurationList = C32B34F7272C007300BB954B /* Build configuration list for PBXProject "NYSEStock" */;
			compatibilityVersion = "Xcode 9.3";
			developmentRegion = en;
			hasScannedForEncodings = 0;
			knownRegions = (
				en,
				Base,
			);
			mainGroup = C32B34F3272C007300BB954B;
			productRefGroup = C32B34FD272C007300BB954B /* Products */;
			projectDirPath = "";
			projectRoot = "";
			targets = (
				C32B34FB272C007300BB954B /* NYSEStock */,
			);
		};
/* End PBXProject section */

/* Begin PBXResourcesBuildPhase section */
		C32B34FA272C007300BB954B /* Resources */ = {
			isa = PBXResourcesBuildPhase;
			buildActionMask = 2147483647;
			files = (
				C32B350C272C008300BB954B /* LaunchScreen.storyboard in Resources */,
				C32B3509272C008300BB954B /* Assets.xcassets in Resources */,
				C3E7B45E272CACE60055940B /* StockTableViewCell.xib in Resources */,
				C32B3507272C007300BB954B /* Main.storyboard in Resources */,
			);
			runOnlyForDeploymentPostprocessing = 0;
		};
/* End PBXResourcesBuildPhase section */

/* Begin PBXShellScriptBuildPhase section */
		01ADD6565229957FD477095B /* [CP] Check Pods Manifest.lock */ = {
			isa = PBXShellScriptBuildPhase;
			buildActionMask = 2147483647;
			files = (
			);
			inputFileListPaths = (
			);
			inputPaths = (
				"${PODS_PODFILE_DIR_PATH}/Podfile.lock",
				"${PODS_ROOT}/Manifest.lock",
			);
			name = "[CP] Check Pods Manifest.lock";
			outputFileListPaths = (
			);
			outputPaths = (
				"$(DERIVED_FILE_DIR)/Pods-NYSEStock-checkManifestLockResult.txt",
			);
			runOnlyForDeploymentPostprocessing = 0;
			shellPath = /bin/sh;
			shellScript = "diff \"${PODS_PODFILE_DIR_PATH}/Podfile.lock\" \"${PODS_ROOT}/Manifest.lock\" > /dev/null\nif [ $? != 0 ] ; then\n    # print error to STDERR\n    echo \"error: The sandbox is not in sync with the Podfile.lock. Run 'pod install' or update your CocoaPods installation.\" >&2\n    exit 1\nfi\n# This output is used by Xcode 'outputs' to avoid re-running this script phase.\necho \"SUCCESS\" > \"${SCRIPT_OUTPUT_FILE_0}\"\n";
			showEnvVarsInLog = 0;
		};
		E63E19B18B236A70865DC8F3 /* [CP] Embed Pods Frameworks */ = {
			isa = PBXShellScriptBuildPhase;
			buildActionMask = 2147483647;
			files = (
			);
			inputFileListPaths = (
				"${PODS_ROOT}/Target Support Files/Pods-NYSEStock/Pods-NYSEStock-frameworks-${CONFIGURATION}-input-files.xcfilelist",
			);
			name = "[CP] Embed Pods Frameworks";
			outputFileListPaths = (
				"${PODS_ROOT}/Target Support Files/Pods-NYSEStock/Pods-NYSEStock-frameworks-${CONFIGURATION}-output-files.xcfilelist",
			);
			runOnlyForDeploymentPostprocessing = 0;
			shellPath = /bin/sh;
			shellScript = "\"${PODS_ROOT}/Target Support Files/Pods-NYSEStock/Pods-NYSEStock-frameworks.sh\"\n";
			showEnvVarsInLog = 0;
		};
/* End PBXShellScriptBuildPhase section */

/* Begin PBXSourcesBuildPhase section */
		C32B34F8272C007300BB954B /* Sources */ = {
			isa = PBXSourcesBuildPhase;
			buildActionMask = 2147483647;
			files = (
				C3E7B45D272CACE60055940B /* StockTableViewCell.swift in Sources */,
				C32B3500272C007300BB954B /* AppDelegate.swift in Sources */,
				C32B3502272C007300BB954B /* SceneDelegate.swift in Sources */,
				C3E7B460272CBBF10055940B /* DetailsViewController.swift in Sources */,
				C32B3516272C0C5600BB954B /* CompanyInfo.swift in Sources */,
				C3E7B45A272CAA8B0055940B /* StockNetworkingCode.swift in Sources */,
				C3E7B458272CA9A10055940B /* StockTableViewCode.swift in Sources */,
				C32B3514272C041B00BB954B /* StocksTableViewController.swift in Sources */,
			);
			runOnlyForDeploymentPostprocessing = 0;
		};
/* End PBXSourcesBuildPhase section */

/* Begin PBXVariantGroup section */
		C32B3505272C007300BB954B /* Main.storyboard */ = {
			isa = PBXVariantGroup;
			children = (
				C32B3506272C007300BB954B /* Base */,
			);
			name = Main.storyboard;
			sourceTree = "<group>";
		};
		C32B350A272C008300BB954B /* LaunchScreen.storyboard */ = {
			isa = PBXVariantGroup;
			children = (
				C32B350B272C008300BB954B /* Base */,
			);
			name = LaunchScreen.storyboard;
			sourceTree = "<group>";
		};
/* End PBXVariantGroup section */

/* Begin XCBuildConfiguration section */
		C32B350E272C008300BB954B /* Debug */ = {
			isa = XCBuildConfiguration;
			buildSettings = {
				ALWAYS_SEARCH_USER_PATHS = NO;
				CLANG_ANALYZER_NONNULL = YES;
				CLANG_ANALYZER_NUMBER_OBJECT_CONVERSION = YES_AGGRESSIVE;
				CLANG_CXX_LANGUAGE_STANDARD = "gnu++14";
				CLANG_CXX_LIBRARY = "libc++";
				CLANG_ENABLE_MODULES = YES;
				CLANG_ENABLE_OBJC_ARC = YES;
				CLANG_ENABLE_OBJC_WEAK = YES;
				CLANG_WARN_BLOCK_CAPTURE_AUTORELEASING = YES;
				CLANG_WARN_BOOL_CONVERSION = YES;
				CLANG_WARN_COMMA = YES;
				CLANG_WARN_CONSTANT_CONVERSION = YES;
				CLANG_WARN_DEPRECATED_OBJC_IMPLEMENTATIONS = YES;
				CLANG_WARN_DIRECT_OBJC_ISA_USAGE = YES_ERROR;
				CLANG_WARN_DOCUMENTATION_COMMENTS = YES;
				CLANG_WARN_EMPTY_BODY = YES;
				CLANG_WARN_ENUM_CONVERSION = YES;
				CLANG_WARN_INFINITE_RECURSION = YES;
				CLANG_WARN_INT_CONVERSION = YES;
				CLANG_WARN_NON_LITERAL_NULL_CONVERSION = YES;
				CLANG_WARN_OBJC_IMPLICIT_RETAIN_SELF = YES;
				CLANG_WARN_OBJC_LITERAL_CONVERSION = YES;
				CLANG_WARN_OBJC_ROOT_CLASS = YES_ERROR;
				CLANG_WARN_QUOTED_INCLUDE_IN_FRAMEWORK_HEADER = YES;
				CLANG_WARN_RANGE_LOOP_ANALYSIS = YES;
				CLANG_WARN_STRICT_PROTOTYPES = YES;
				CLANG_WARN_SUSPICIOUS_MOVE = YES;
				CLANG_WARN_UNGUARDED_AVAILABILITY = YES_AGGRESSIVE;
				CLANG_WARN_UNREACHABLE_CODE = YES;
				CLANG_WARN__DUPLICATE_METHOD_MATCH = YES;
				COPY_PHASE_STRIP = NO;
				DEBUG_INFORMATION_FORMAT = dwarf;
				ENABLE_STRICT_OBJC_MSGSEND = YES;
				ENABLE_TESTABILITY = YES;
				GCC_C_LANGUAGE_STANDARD = gnu11;
				GCC_DYNAMIC_NO_PIC = NO;
				GCC_NO_COMMON_BLOCKS = YES;
				GCC_OPTIMIZATION_LEVEL = 0;
				GCC_PREPROCESSOR_DEFINITIONS = (
					"DEBUG=1",
					"$(inherited)",
				);
				GCC_WARN_64_TO_32_BIT_CONVERSION = YES;
				GCC_WARN_ABOUT_RETURN_TYPE = YES_ERROR;
				GCC_WARN_UNDECLARED_SELECTOR = YES;
				GCC_WARN_UNINITIALIZED_AUTOS = YES_AGGRESSIVE;
				GCC_WARN_UNUSED_FUNCTION = YES;
				GCC_WARN_UNUSED_VARIABLE = YES;
				IPHONEOS_DEPLOYMENT_TARGET = 14.5;
				MTL_ENABLE_DEBUG_INFO = INCLUDE_SOURCE;
				MTL_FAST_MATH = YES;
				ONLY_ACTIVE_ARCH = YES;
				SDKROOT = iphoneos;
				SWIFT_ACTIVE_COMPILATION_CONDITIONS = DEBUG;
				SWIFT_OPTIMIZATION_LEVEL = "-Onone";
			};
			name = Debug;
		};
		C32B350F272C008300BB954B /* Release */ = {
			isa = XCBuildConfiguration;
			buildSettings = {
				ALWAYS_SEARCH_USER_PATHS = NO;
				CLANG_ANALYZER_NONNULL = YES;
				CLANG_ANALYZER_NUMBER_OBJECT_CONVERSION = YES_AGGRESSIVE;
				CLANG_CXX_LANGUAGE_STANDARD = "gnu++14";
				CLANG_CXX_LIBRARY = "libc++";
				CLANG_ENABLE_MODULES = YES;
				CLANG_ENABLE_OBJC_ARC = YES;
				CLANG_ENABLE_OBJC_WEAK = YES;
				CLANG_WARN_BLOCK_CAPTURE_AUTORELEASING = YES;
				CLANG_WARN_BOOL_CONVERSION = YES;
				CLANG_WARN_COMMA = YES;
				CLANG_WARN_CONSTANT_CONVERSION = YES;
				CLANG_WARN_DEPRECATED_OBJC_IMPLEMENTATIONS = YES;
				CLANG_WARN_DIRECT_OBJC_ISA_USAGE = YES_ERROR;
				CLANG_WARN_DOCUMENTATION_COMMENTS = YES;
				CLANG_WARN_EMPTY_BODY = YES;
				CLANG_WARN_ENUM_CONVERSION = YES;
				CLANG_WARN_INFINITE_RECURSION = YES;
				CLANG_WARN_INT_CONVERSION = YES;
				CLANG_WARN_NON_LITERAL_NULL_CONVERSION = YES;
				CLANG_WARN_OBJC_IMPLICIT_RETAIN_SELF = YES;
				CLANG_WARN_OBJC_LITERAL_CONVERSION = YES;
				CLANG_WARN_OBJC_ROOT_CLASS = YES_ERROR;
				CLANG_WARN_QUOTED_INCLUDE_IN_FRAMEWORK_HEADER = YES;
				CLANG_WARN_RANGE_LOOP_ANALYSIS = YES;
				CLANG_WARN_STRICT_PROTOTYPES = YES;
				CLANG_WARN_SUSPICIOUS_MOVE = YES;
				CLANG_WARN_UNGUARDED_AVAILABILITY = YES_AGGRESSIVE;
				CLANG_WARN_UNREACHABLE_CODE = YES;
				CLANG_WARN__DUPLICATE_METHOD_MATCH = YES;
				COPY_PHASE_STRIP = NO;
				DEBUG_INFORMATION_FORMAT = "dwarf-with-dsym";
				ENABLE_NS_ASSERTIONS = NO;
				ENABLE_STRICT_OBJC_MSGSEND = YES;
				GCC_C_LANGUAGE_STANDARD = gnu11;
				GCC_NO_COMMON_BLOCKS = YES;
				GCC_WARN_64_TO_32_BIT_CONVERSION = YES;
				GCC_WARN_ABOUT_RETURN_TYPE = YES_ERROR;
				GCC_WARN_UNDECLARED_SELECTOR = YES;
				GCC_WARN_UNINITIALIZED_AUTOS = YES_AGGRESSIVE;
				GCC_WARN_UNUSED_FUNCTION = YES;
				GCC_WARN_UNUSED_VARIABLE = YES;
				IPHONEOS_DEPLOYMENT_TARGET = 14.5;
				MTL_ENABLE_DEBUG_INFO = NO;
				MTL_FAST_MATH = YES;
				SDKROOT = iphoneos;
				SWIFT_COMPILATION_MODE = wholemodule;
				SWIFT_OPTIMIZATION_LEVEL = "-O";
				VALIDATE_PRODUCT = YES;
			};
			name = Release;
		};
		C32B3511272C008300BB954B /* Debug */ = {
			isa = XCBuildConfiguration;
			baseConfigurationReference = E9F64F50CCBA2413FCB20962 /* Pods-NYSEStock.debug.xcconfig */;
			buildSettings = {
				ASSETCATALOG_COMPILER_APPICON_NAME = AppIcon;
				ASSETCATALOG_COMPILER_GLOBAL_ACCENT_COLOR_NAME = AccentColor;
				CODE_SIGN_STYLE = Automatic;
				INFOPLIST_FILE = NYSEStock/Info.plist;
				LD_RUNPATH_SEARCH_PATHS = (
					"$(inherited)",
					"@executable_path/Frameworks",
				);
				PRODUCT_BUNDLE_IDENTIFIER = edu.northeastern.alivia.NYSEStock;
				PRODUCT_NAME = "$(TARGET_NAME)";
				SWIFT_VERSION = 5.0;
				TARGETED_DEVICE_FAMILY = "1,2";
			};
			name = Debug;
		};
		C32B3512272C008300BB954B /* Release */ = {
			isa = XCBuildConfiguration;
			baseConfigurationReference = 90081969EEA6B2FB2423D812 /* Pods-NYSEStock.release.xcconfig */;
			buildSettings = {
				ASSETCATALOG_COMPILER_APPICON_NAME = AppIcon;
				ASSETCATALOG_COMPILER_GLOBAL_ACCENT_COLOR_NAME = AccentColor;
				CODE_SIGN_STYLE = Automatic;
				INFOPLIST_FILE = NYSEStock/Info.plist;
				LD_RUNPATH_SEARCH_PATHS = (
					"$(inherited)",
					"@executable_path/Frameworks",
				);
				PRODUCT_BUNDLE_IDENTIFIER = edu.northeastern.alivia.NYSEStock;
				PRODUCT_NAME = "$(TARGET_NAME)";
				SWIFT_VERSION = 5.0;
				TARGETED_DEVICE_FAMILY = "1,2";
			};
			name = Release;
		};
/* End XCBuildConfiguration section */

/* Begin XCConfigurationList section */
		C32B34F7272C007300BB954B /* Build configuration list for PBXProject "NYSEStock" */ = {
			isa = XCConfigurationList;
			buildConfigurations = (
				C32B350E272C008300BB954B /* Debug */,
				C32B350F272C008300BB954B /* Release */,
			);
			defaultConfigurationIsVisible = 0;
			defaultConfigurationName = Release;
		};
		C32B3510272C008300BB954B /* Build configuration list for PBXNativeTarget "NYSEStock" */ = {
			isa = XCConfigurationList;
			buildConfigurations = (
				C32B3511272C008300BB954B /* Debug */,
				C32B3512272C008300BB954B /* Release */,
			);
			defaultConfigurationIsVisible = 0;
			defaultConfigurationName = Release;
		};
/* End XCConfigurationList section */
	};
	rootObject = C32B34F4272C007300BB954B /* Project object */;
}
